
Microsoft Visual Studio Solution File, Format Version 12.00
# Visual Studio Version 17
VisualStudioVersion = 17.1.32228.430
MinimumVisualStudioVersion = 10.0.40219.1
Project("{9A19103F-16F7-4668-BE54-9A1E7A4F7556}") = "MertYazilimCase", "MertYazilimCase\MertYazilimCase.csproj", "{230DE5E1-FA9D-4FFF-87EF-BFC133B9455B}"
EndProject
Project("{9A19103F-16F7-4668-BE54-9A1E7A4F7556}") = "MertYazilimCase.Data", "MertYazilimCase.Data\MertYazilimCase.Data.csproj", "{4340240B-5442-4DE3-B6F2-B258F95A1406}"
EndProject
Project("{9A19103F-16F7-4668-BE54-9A1E7A4F7556}") = "MertYazilimCase.Business", "MertYazilimCase.Business\MertYazilimCase.Business.csproj", "{FD622162-C77E-4A83-BFA7-8B465B819C98}"
EndProject
Global
	GlobalSection(SolutionConfigurationPlatforms) = preSolution
		Debug|Any CPU = Debug|Any CPU
		Release|Any CPU = Release|Any CPU
	EndGlobalSection
	GlobalSection(ProjectConfigurationPlatforms) = postSolution
		{230DE5E1-FA9D-4FFF-87EF-BFC133B9455B}.Debug|Any CPU.ActiveCfg = Debug|Any CPU
		{230DE5E1-FA9D-4FFF-87EF-BFC133B9455B}.Debug|Any CPU.Build.0 = Debug|Any CPU
		{230DE5E1-FA9D-4FFF-87EF-BFC133B9455B}.Release|Any CPU.ActiveCfg = Release|Any CPU
		{230DE5E1-FA9D-4FFF-87EF-BFC133B9455B}.Release|Any CPU.Build.0 = Release|Any CPU
		{4340240B-5442-4DE3-B6F2-B258F95A1406}.Debug|Any CPU.ActiveCfg = Debug|Any CPU
		{4340240B-5442-4DE3-B6F2-B258F95A1406}.Debug|Any CPU.Build.0 = Debug|Any CPU
		{4340240B-5442-4DE3-B6F2-B258F95A1406}.Release|Any CPU.ActiveCfg = Release|Any CPU
		{4340240B-5442-4DE3-B6F2-B258F95A1406}.Release|Any CPU.Build.0 = Release|Any CPU
		{FD622162-C77E-4A83-BFA7-8B465B819C98}.Debug|Any CPU.ActiveCfg = Debug|Any CPU
		{FD622162-C77E-4A83-BFA7-8B465B819C98}.Debug|Any CPU.Build.0 = Debug|Any CPU
		{FD622162-C77E-4A83-BFA7-8B465B819C98}.Release|Any CPU.ActiveCfg = Release|Any CPU
		{FD622162-C77E-4A83-BFA7-8B465B819C98}.Release|Any CPU.Build.0 = Release|Any CPU
	EndGlobalSection
	GlobalSection(SolutionProperties) = preSolution
		HideSolutionNode = FALSE
	EndGlobalSection
	GlobalSection(ExtensibilityGlobals) = postSolution
		SolutionGuid = {2398A32E-898E-4773-989B-23B7030E46E2}
	EndGlobalSection
EndGlobal
